
Microsoft Visual Studio Solution File, Format Version 12.00
# Visual Studio Version 17
VisualStudioVersion = 17.7.34024.191
MinimumVisualStudioVersion = 10.0.40219.1
Project("{2150E333-8FDC-42A3-9474-1A3956D46DE8}") = "src", "src", "{547C15FF-17BE-408A-98F1-DF05E3332617}"
EndProject
Project("{2150E333-8FDC-42A3-9474-1A3956D46DE8}") = "test", "test", "{8807022E-FB51-43E5-B733-839F2D90BE75}"
EndProject
Project("{2150E333-8FDC-42A3-9474-1A3956D46DE8}") = "pipelines", "pipelines", "{851B2712-F61A-4215-9910-4A5A3880E79B}"
	ProjectSection(SolutionItems) = preProject
		pipelines\build.yaml = pipelines\build.yaml
	EndProjectSection
EndProject
Project("{FAE04EC0-301F-11D3-BF4B-00C04F79EFBC}") = "Defra.Trade.Events.SUS.RemosSignUpSubscriber", "src\Defra.Trade.Events.SUS.RemosSignUpSubscriber\Defra.Trade.Events.SUS.RemosSignUpSubscriber.csproj", "{A0E9E499-B538-415D-9D01-6108B624CEFE}"
EndProject
Project("{FAE04EC0-301F-11D3-BF4B-00C04F79EFBC}") = "Defra.Trade.Events.SUS.RemosSignUpSubscriber.Application", "src\Defra.Trade.Events.SUS.RemosSignUpSubscriber.Application\Defra.Trade.Events.SUS.RemosSignUpSubscriber.Application.csproj", "{6B4CBB5F-073B-4A18-B055-9433221CAD69}"
EndProject
Project("{2150E333-8FDC-42A3-9474-1A3956D46DE8}") = "Solution Items", "Solution Items", "{971E3153-C2BB-4AAD-A113-04BA650B281B}"
	ProjectSection(SolutionItems) = preProject
		README.md = README.md
	EndProjectSection
EndProject
Project("{FAE04EC0-301F-11D3-BF4B-00C04F79EFBC}") = "Defra.Trade.Events.SUS.RemosSignUpSubscriber.Tests", "test\Defra.Trade.Events.SUS.RemosSignUpSubscriber.Tests\Defra.Trade.Events.SUS.RemosSignUpSubscriber.Tests.csproj", "{8EBCF468-250C-4609-B9CB-BE9B1FAA0CFC}"
EndProject
Project("{9A19103F-16F7-4668-BE54-9A1E7A4F7556}") = "Defra.Trade.Events.SUS.RemosSignUpSubscriber.Application.Tests", "test\Defra.Trade.Events.SUS.RemosSignUpSubscriber.Application.Tests\Defra.Trade.Events.SUS.RemosSignUpSubscriber.Application.Tests.csproj", "{EFA9BC92-7A6D-435D-8E0C-E60954360B71}"
EndProject
Global
	GlobalSection(SolutionConfigurationPlatforms) = preSolution
		Debug|Any CPU = Debug|Any CPU
		Release|Any CPU = Release|Any CPU
	EndGlobalSection
	GlobalSection(ProjectConfigurationPlatforms) = postSolution
		{A0E9E499-B538-415D-9D01-6108B624CEFE}.Debug|Any CPU.ActiveCfg = Debug|Any CPU
		{A0E9E499-B538-415D-9D01-6108B624CEFE}.Debug|Any CPU.Build.0 = Debug|Any CPU
		{A0E9E499-B538-415D-9D01-6108B624CEFE}.Release|Any CPU.ActiveCfg = Release|Any CPU
		{A0E9E499-B538-415D-9D01-6108B624CEFE}.Release|Any CPU.Build.0 = Release|Any CPU
		{6B4CBB5F-073B-4A18-B055-9433221CAD69}.Debug|Any CPU.ActiveCfg = Debug|Any CPU
		{6B4CBB5F-073B-4A18-B055-9433221CAD69}.Debug|Any CPU.Build.0 = Debug|Any CPU
		{6B4CBB5F-073B-4A18-B055-9433221CAD69}.Release|Any CPU.ActiveCfg = Release|Any CPU
		{6B4CBB5F-073B-4A18-B055-9433221CAD69}.Release|Any CPU.Build.0 = Release|Any CPU
		{8EBCF468-250C-4609-B9CB-BE9B1FAA0CFC}.Debug|Any CPU.ActiveCfg = Debug|Any CPU
		{8EBCF468-250C-4609-B9CB-BE9B1FAA0CFC}.Debug|Any CPU.Build.0 = Debug|Any CPU
		{8EBCF468-250C-4609-B9CB-BE9B1FAA0CFC}.Release|Any CPU.ActiveCfg = Release|Any CPU
		{8EBCF468-250C-4609-B9CB-BE9B1FAA0CFC}.Release|Any CPU.Build.0 = Release|Any CPU
		{EFA9BC92-7A6D-435D-8E0C-E60954360B71}.Debug|Any CPU.ActiveCfg = Debug|Any CPU
		{EFA9BC92-7A6D-435D-8E0C-E60954360B71}.Debug|Any CPU.Build.0 = Debug|Any CPU
		{EFA9BC92-7A6D-435D-8E0C-E60954360B71}.Release|Any CPU.ActiveCfg = Release|Any CPU
		{EFA9BC92-7A6D-435D-8E0C-E60954360B71}.Release|Any CPU.Build.0 = Release|Any CPU
	EndGlobalSection
	GlobalSection(SolutionProperties) = preSolution
		HideSolutionNode = FALSE
	EndGlobalSection
	GlobalSection(NestedProjects) = preSolution
		{A0E9E499-B538-415D-9D01-6108B624CEFE} = {547C15FF-17BE-408A-98F1-DF05E3332617}
		{6B4CBB5F-073B-4A18-B055-9433221CAD69} = {547C15FF-17BE-408A-98F1-DF05E3332617}
		{8EBCF468-250C-4609-B9CB-BE9B1FAA0CFC} = {8807022E-FB51-43E5-B733-839F2D90BE75}
		{EFA9BC92-7A6D-435D-8E0C-E60954360B71} = {8807022E-FB51-43E5-B733-839F2D90BE75}
	EndGlobalSection
	GlobalSection(ExtensibilityGlobals) = postSolution
		SolutionGuid = {49B08D9C-EA54-404F-A883-25F399295995}
	EndGlobalSection
EndGlobal
